// !$*UTF8*$!
{
	archiveVersion = 1;
	classes = {
	};
	objectVersion = 46;
	objects = {

/* Begin PBXBuildFile section */
		125E86411DFD2542009BF300 /* AppDelegate.swift in Sources */ = {isa = PBXBuildFile; fileRef = 125E86401DFD2542009BF300 /* AppDelegate.swift */; };
		125E86431DFD2542009BF300 /* ViewController.swift in Sources */ = {isa = PBXBuildFile; fileRef = 125E86421DFD2542009BF300 /* ViewController.swift */; };
		125E86461DFD2542009BF300 /* Main.storyboard in Resources */ = {isa = PBXBuildFile; fileRef = 125E86441DFD2542009BF300 /* Main.storyboard */; };
		125E86481DFD2542009BF300 /* Assets.xcassets in Resources */ = {isa = PBXBuildFile; fileRef = 125E86471DFD2542009BF300 /* Assets.xcassets */; };
		125E864B1DFD2542009BF300 /* LaunchScreen.storyboard in Resources */ = {isa = PBXBuildFile; fileRef = 125E86491DFD2542009BF300 /* LaunchScreen.storyboard */; };
		125E86531DFD2558009BF300 /* UICountingLabel.swift in Sources */ = {isa = PBXBuildFile; fileRef = 125E86521DFD2558009BF300 /* UICountingLabel.swift */; };
/* End PBXBuildFile section */

/* Begin PBXFileReference section */
		125E863D1DFD2542009BF300 /* EFCountingLabel.app */ = {isa = PBXFileReference; explicitFileType = wrapper.application; includeInIndex = 0; path = EFCountingLabel.app; sourceTree = BUILT_PRODUCTS_DIR; };
		125E86401DFD2542009BF300 /* AppDelegate.swift */ = {isa = PBXFileReference; lastKnownFileType = sourcecode.swift; name = AppDelegate.swift; path = EFCountingLabel/AppDelegate.swift; sourceTree = "<group>"; };
		125E86421DFD2542009BF300 /* ViewController.swift */ = {isa = PBXFileReference; lastKnownFileType = sourcecode.swift; name = ViewController.swift; path = EFCountingLabel/ViewController.swift; sourceTree = "<group>"; };
		125E86451DFD2542009BF300 /* Base */ = {isa = PBXFileReference; lastKnownFileType = file.storyboard; name = Base; path = Base.lproj/Main.storyboard; sourceTree = "<group>"; };
		125E86471DFD2542009BF300 /* Assets.xcassets */ = {isa = PBXFileReference; lastKnownFileType = folder.assetcatalog; name = Assets.xcassets; path = EFCountingLabel/Assets.xcassets; sourceTree = "<group>"; };
		125E864A1DFD2542009BF300 /* Base */ = {isa = PBXFileReference; lastKnownFileType = file.storyboard; name = Base; path = Base.lproj/LaunchScreen.storyboard; sourceTree = "<group>"; };
		125E864C1DFD2542009BF300 /* Info.plist */ = {isa = PBXFileReference; lastKnownFileType = text.plist.xml; name = Info.plist; path = EFCountingLabel/Info.plist; sourceTree = "<group>"; };
		125E86521DFD2558009BF300 /* UICountingLabel.swift */ = {isa = PBXFileReference; fileEncoding = 4; lastKnownFileType = sourcecode.swift; path = UICountingLabel.swift; sourceTree = "<group>"; };
/* End PBXFileReference section */

/* Begin PBXFrameworksBuildPhase section */
		125E863A1DFD2542009BF300 /* Frameworks */ = {
			isa = PBXFrameworksBuildPhase;
			buildActionMask = 2147483647;
			files = (
			);
			runOnlyForDeploymentPostprocessing = 0;
		};
/* End PBXFrameworksBuildPhase section */

/* Begin PBXGroup section */
		125E86341DFD2542009BF300 = {
			isa = PBXGroup;
			children = (
				125E863F1DFD2542009BF300 /* EFCountingLabel */,
				125E86541DFD644F009BF300 /* EFCountingLabelDemo */,
				125E863E1DFD2542009BF300 /* Products */,
			);
			sourceTree = "<group>";
		};
		125E863E1DFD2542009BF300 /* Products */ = {
			isa = PBXGroup;
			children = (
				125E863D1DFD2542009BF300 /* EFCountingLabel.app */,
			);
			name = Products;
			sourceTree = "<group>";
		};
		125E863F1DFD2542009BF300 /* EFCountingLabel */ = {
			isa = PBXGroup;
			children = (
				125E86521DFD2558009BF300 /* UICountingLabel.swift */,
			);
			path = EFCountingLabel;
			sourceTree = "<group>";
		};
		125E86541DFD644F009BF300 /* EFCountingLabelDemo */ = {
			isa = PBXGroup;
			children = (
				125E86401DFD2542009BF300 /* AppDelegate.swift */,
				125E86421DFD2542009BF300 /* ViewController.swift */,
				125E86441DFD2542009BF300 /* Main.storyboard */,
				125E86471DFD2542009BF300 /* Assets.xcassets */,
				125E86491DFD2542009BF300 /* LaunchScreen.storyboard */,
				125E864C1DFD2542009BF300 /* Info.plist */,
			);
			name = EFCountingLabelDemo;
			sourceTree = "<group>";
		};
/* End PBXGroup section */

/* Begin PBXNativeTarget section */
		125E863C1DFD2542009BF300 /* EFCountingLabel */ = {
			isa = PBXNativeTarget;
			buildConfigurationList = 125E864F1DFD2542009BF300 /* Build configuration list for PBXNativeTarget "EFCountingLabel" */;
			buildPhases = (
				125E86391DFD2542009BF300 /* Sources */,
				125E863A1DFD2542009BF300 /* Frameworks */,
				125E863B1DFD2542009BF300 /* Resources */,
			);
			buildRules = (
			);
			dependencies = (
			);
			name = EFCountingLabel;
			productName = EFCountingLabel;
			productReference = 125E863D1DFD2542009BF300 /* EFCountingLabel.app */;
			productType = "com.apple.product-type.application";
		};
/* End PBXNativeTarget section */

/* Begin PBXProject section */
		125E86351DFD2542009BF300 /* Project object */ = {
			isa = PBXProject;
			attributes = {
				LastSwiftUpdateCheck = 0810;
				LastUpgradeCheck = 0810;
				ORGANIZATIONNAME = EyreFree;
				TargetAttributes = {
					125E863C1DFD2542009BF300 = {
						CreatedOnToolsVersion = 8.1;
						DevelopmentTeam = P3X2725LYY;
						ProvisioningStyle = Automatic;
					};
				};
			};
			buildConfigurationList = 125E86381DFD2542009BF300 /* Build configuration list for PBXProject "EFCountingLabel" */;
			compatibilityVersion = "Xcode 3.2";
			developmentRegion = English;
			hasScannedForEncodings = 0;
			knownRegions = (
				en,
				Base,
			);
			mainGroup = 125E86341DFD2542009BF300;
			productRefGroup = 125E863E1DFD2542009BF300 /* Products */;
			projectDirPath = "";
			projectRoot = "";
			targets = (
				125E863C1DFD2542009BF300 /* EFCountingLabel */,
			);
		};
/* End PBXProject section */

/* Begin PBXResourcesBuildPhase section */
		125E863B1DFD2542009BF300 /* Resources */ = {
			isa = PBXResourcesBuildPhase;
			buildActionMask = 2147483647;
			files = (
				125E864B1DFD2542009BF300 /* LaunchScreen.storyboard in Resources */,
				125E86481DFD2542009BF300 /* Assets.xcassets in Resources */,
				125E86461DFD2542009BF300 /* Main.storyboard in Resources */,
			);
			runOnlyForDeploymentPostprocessing = 0;
		};
/* End PBXResourcesBuildPhase section */

/* Begin PBXSourcesBuildPhase section */
		125E86391DFD2542009BF300 /* Sources */ = {
			isa = PBXSourcesBuildPhase;
			buildActionMask = 2147483647;
			files = (
				125E86431DFD2542009BF300 /* ViewController.swift in Sources */,
				125E86531DFD2558009BF300 /* UICountingLabel.swift in Sources */,
				125E86411DFD2542009BF300 /* AppDelegate.swift in Sources */,
			);
			runOnlyForDeploymentPostprocessing = 0;
		};
/* End PBXSourcesBuildPhase section */

/* Begin PBXVariantGroup section */
		125E86441DFD2542009BF300 /* Main.storyboard */ = {
			isa = PBXVariantGroup;
			children = (
				125E86451DFD2542009BF300 /* Base */,
			);
			name = Main.storyboard;
			path = EFCountingLabel;
			sourceTree = "<group>";
		};
		125E86491DFD2542009BF300 /* LaunchScreen.storyboard */ = {
			isa = PBXVariantGroup;
			children = (
				125E864A1DFD2542009BF300 /* Base */,
			);
			name = LaunchScreen.storyboard;
			path = EFCountingLabel;
			sourceTree = "<group>";
		};
/* End PBXVariantGroup section */

/* Begin XCBuildConfiguration section */
		125E864D1DFD2542009BF300 /* Debug */ = {
			isa = XCBuildConfiguration;
			buildSettings = {
				ALWAYS_SEARCH_USER_PATHS = NO;
				CLANG_ANALYZER_NONNULL = YES;
				CLANG_CXX_LANGUAGE_STANDARD = "gnu++0x";
				CLANG_CXX_LIBRARY = "libc++";
				CLANG_ENABLE_MODULES = YES;
				CLANG_ENABLE_OBJC_ARC = YES;
				CLANG_WARN_BOOL_CONVERSION = YES;
				CLANG_WARN_CONSTANT_CONVERSION = YES;
				CLANG_WARN_DIRECT_OBJC_ISA_USAGE = YES_ERROR;
				CLANG_WARN_DOCUMENTATION_COMMENTS = YES;
				CLANG_WARN_EMPTY_BODY = YES;
				CLANG_WARN_ENUM_CONVERSION = YES;
				CLANG_WARN_INFINITE_RECURSION = YES;
				CLANG_WARN_INT_CONVERSION = YES;
				CLANG_WARN_OBJC_ROOT_CLASS = YES_ERROR;
				CLANG_WARN_SUSPICIOUS_MOVES = YES;
				CLANG_WARN_UNREACHABLE_CODE = YES;
				CLANG_WARN__DUPLICATE_METHOD_MATCH = YES;
				"CODE_SIGN_IDENTITY[sdk=iphoneos*]" = "iPhone Developer";
				COPY_PHASE_STRIP = NO;
				DEBUG_INFORMATION_FORMAT = dwarf;
				ENABLE_STRICT_OBJC_MSGSEND = YES;
				ENABLE_TESTABILITY = YES;
				GCC_C_LANGUAGE_STANDARD = gnu99;
				GCC_DYNAMIC_NO_PIC = NO;
				GCC_NO_COMMON_BLOCKS = YES;
				GCC_OPTIMIZATION_LEVEL = 0;
				GCC_PREPROCESSOR_DEFINITIONS = (
					"DEBUG=1",
					"$(inherited)",
				);
				GCC_WARN_64_TO_32_BIT_CONVERSION = YES;
				GCC_WARN_ABOUT_RETURN_TYPE = YES_ERROR;
				GCC_WARN_UNDECLARED_SELECTOR = YES;
				GCC_WARN_UNINITIALIZED_AUTOS = YES_AGGRESSIVE;
				GCC_WARN_UNUSED_FUNCTION = YES;
				GCC_WARN_UNUSED_VARIABLE = YES;
				IPHONEOS_DEPLOYMENT_TARGET = 8.0;
				MTL_ENABLE_DEBUG_INFO = YES;
				ONLY_ACTIVE_ARCH = YES;
				SDKROOT = iphoneos;
				SWIFT_ACTIVE_COMPILATION_CONDITIONS = DEBUG;
				SWIFT_OPTIMIZATION_LEVEL = "-Onone";
			};
			name = Debug;
		};
		125E864E1DFD2542009BF300 /* Release */ = {
			isa = XCBuildConfiguration;
			buildSettings = {
				ALWAYS_SEARCH_USER_PATHS = NO;
				CLANG_ANALYZER_NONNULL = YES;
				CLANG_CXX_LANGUAGE_STANDARD = "gnu++0x";
				CLANG_CXX_LIBRARY = "libc++";
				CLANG_ENABLE_MODULES = YES;
				CLANG_ENABLE_OBJC_ARC = YES;
				CLANG_WARN_BOOL_CONVERSION = YES;
				CLANG_WARN_CONSTANT_CONVERSION = YES;
				CLANG_WARN_DIRECT_OBJC_ISA_USAGE = YES_ERROR;
				CLANG_WARN_DOCUMENTATION_COMMENTS = YES;
				CLANG_WARN_EMPTY_BODY = YES;
				CLANG_WARN_ENUM_CONVERSION = YES;
				CLANG_WARN_INFINITE_RECURSION = YES;
				CLANG_WARN_INT_CONVERSION = YES;
				CLANG_WARN_OBJC_ROOT_CLASS = YES_ERROR;
				CLANG_WARN_SUSPICIOUS_MOVES = YES;
				CLANG_WARN_UNREACHABLE_CODE = YES;
				CLANG_WARN__DUPLICATE_METHOD_MATCH = YES;
				"CODE_SIGN_IDENTITY[sdk=iphoneos*]" = "iPhone Developer";
				COPY_PHASE_STRIP = NO;
				DEBUG_INFORMATION_FORMAT = "dwarf-with-dsym";
				ENABLE_NS_ASSERTIONS = NO;
				ENABLE_STRICT_OBJC_MSGSEND = YES;
				GCC_C_LANGUAGE_STANDARD = gnu99;
				GCC_NO_COMMON_BLOCKS = YES;
				GCC_WARN_64_TO_32_BIT_CONVERSION = YES;
				GCC_WARN_ABOUT_RETURN_TYPE = YES_ERROR;
				GCC_WARN_UNDECLARED_SELECTOR = YES;
				GCC_WARN_UNINITIALIZED_AUTOS = YES_AGGRESSIVE;
				GCC_WARN_UNUSED_FUNCTION = YES;
				GCC_WARN_UNUSED_VARIABLE = YES;
				IPHONEOS_DEPLOYMENT_TARGET = 8.0;
				MTL_ENABLE_DEBUG_INFO = NO;
				SDKROOT = iphoneos;
				SWIFT_OPTIMIZATION_LEVEL = "-Owholemodule";
				VALIDATE_PRODUCT = YES;
			};
			name = Release;
		};
		125E86501DFD2542009BF300 /* Debug */ = {
			isa = XCBuildConfiguration;
			buildSettings = {
				ASSETCATALOG_COMPILER_APPICON_NAME = AppIcon;
				DEVELOPMENT_TEAM = P3X2725LYY;
				INFOPLIST_FILE = EFCountingLabel/Info.plist;
				IPHONEOS_DEPLOYMENT_TARGET = 8.0;
				LD_RUNPATH_SEARCH_PATHS = "$(inherited) @executable_path/Frameworks";
				PRODUCT_BUNDLE_IDENTIFIER = com.EyreFree.EFCountingLabel;
				PRODUCT_NAME = "$(TARGET_NAME)";
				SWIFT_VERSION = 3.0;
			};
			name = Debug;
		};
		125E86511DFD2542009BF300 /* Release */ = {
			isa = XCBuildConfiguration;
			buildSettings = {
				ASSETCATALOG_COMPILER_APPICON_NAME = AppIcon;
				DEVELOPMENT_TEAM = P3X2725LYY;
				INFOPLIST_FILE = EFCountingLabel/Info.plist;
				IPHONEOS_DEPLOYMENT_TARGET = 8.0;
				LD_RUNPATH_SEARCH_PATHS = "$(inherited) @executable_path/Frameworks";
				PRODUCT_BUNDLE_IDENTIFIER = com.EyreFree.EFCountingLabel;
				PRODUCT_NAME = "$(TARGET_NAME)";
				SWIFT_VERSION = 3.0;
			};
			name = Release;
		};
/* End XCBuildConfiguration section */

/* Begin XCConfigurationList section */
		125E86381DFD2542009BF300 /* Build configuration list for PBXProject "EFCountingLabel" */ = {
			isa = XCConfigurationList;
			buildConfigurations = (
				125E864D1DFD2542009BF300 /* Debug */,
				125E864E1DFD2542009BF300 /* Release */,
			);
			defaultConfigurationIsVisible = 0;
			defaultConfigurationName = Release;
		};
		125E864F1DFD2542009BF300 /* Build configuration list for PBXNativeTarget "EFCountingLabel" */ = {
			isa = XCConfigurationList;
			buildConfigurations = (
				125E86501DFD2542009BF300 /* Debug */,
				125E86511DFD2542009BF300 /* Release */,
			);
			defaultConfigurationIsVisible = 0;
		};
/* End XCConfigurationList section */
	};
	rootObject = 125E86351DFD2542009BF300 /* Project object */;
}
