// !$*UTF8*$!
{
	archiveVersion = 1;
	classes = {
	};
	objectVersion = 46;
	objects = {

/* Begin PBXBuildFile section */
		12CEBB641ADCD9E400DC739E /* AppDelegate.swift in Sources */ = {isa = PBXBuildFile; fileRef = 12CEBB631ADCD9E400DC739E /* AppDelegate.swift */; };
		12CEBB661ADCD9E400DC739E /* ViewController.swift in Sources */ = {isa = PBXBuildFile; fileRef = 12CEBB651ADCD9E400DC739E /* ViewController.swift */; };
		12CEBB691ADCD9E400DC739E /* Main.storyboard in Resources */ = {isa = PBXBuildFile; fileRef = 12CEBB671ADCD9E400DC739E /* Main.storyboard */; };
		12CEBB6B1ADCD9E400DC739E /* Images.xcassets in Resources */ = {isa = PBXBuildFile; fileRef = 12CEBB6A1ADCD9E400DC739E /* Images.xcassets */; };
		12CEBB6E1ADCD9E400DC739E /* LaunchScreen.xib in Resources */ = {isa = PBXBuildFile; fileRef = 12CEBB6C1ADCD9E400DC739E /* LaunchScreen.xib */; };
		12CEBB7A1ADCD9E500DC739E /* UICountingLabelTests.swift in Sources */ = {isa = PBXBuildFile; fileRef = 12CEBB791ADCD9E500DC739E /* UICountingLabelTests.swift */; };
		12CEBB851ADCDA6400DC739E /* UICountingLabel.swift in Sources */ = {isa = PBXBuildFile; fileRef = 12CEBB841ADCDA6400DC739E /* UICountingLabel.swift */; };
/* End PBXBuildFile section */

/* Begin PBXContainerItemProxy section */
		12CEBB741ADCD9E500DC739E /* PBXContainerItemProxy */ = {
			isa = PBXContainerItemProxy;
			containerPortal = 12CEBB561ADCD9E400DC739E /* Project object */;
			proxyType = 1;
			remoteGlobalIDString = 12CEBB5D1ADCD9E400DC739E;
			remoteInfo = UICountingLabel;
		};
/* End PBXContainerItemProxy section */

/* Begin PBXFileReference section */
		12CEBB5E1ADCD9E400DC739E /* UICountingLabel.app */ = {isa = PBXFileReference; explicitFileType = wrapper.application; includeInIndex = 0; path = UICountingLabel.app; sourceTree = BUILT_PRODUCTS_DIR; };
		12CEBB621ADCD9E400DC739E /* Info.plist */ = {isa = PBXFileReference; lastKnownFileType = text.plist.xml; path = Info.plist; sourceTree = "<group>"; };
		12CEBB631ADCD9E400DC739E /* AppDelegate.swift */ = {isa = PBXFileReference; lastKnownFileType = sourcecode.swift; path = AppDelegate.swift; sourceTree = "<group>"; };
		12CEBB651ADCD9E400DC739E /* ViewController.swift */ = {isa = PBXFileReference; lastKnownFileType = sourcecode.swift; path = ViewController.swift; sourceTree = "<group>"; };
		12CEBB681ADCD9E400DC739E /* Base */ = {isa = PBXFileReference; lastKnownFileType = file.storyboard; name = Base; path = Base.lproj/Main.storyboard; sourceTree = "<group>"; };
		12CEBB6A1ADCD9E400DC739E /* Images.xcassets */ = {isa = PBXFileReference; lastKnownFileType = folder.assetcatalog; path = Images.xcassets; sourceTree = "<group>"; };
		12CEBB6D1ADCD9E400DC739E /* Base */ = {isa = PBXFileReference; lastKnownFileType = file.xib; name = Base; path = Base.lproj/LaunchScreen.xib; sourceTree = "<group>"; };
		12CEBB731ADCD9E500DC739E /* UICountingLabelTests.xctest */ = {isa = PBXFileReference; explicitFileType = wrapper.cfbundle; includeInIndex = 0; path = UICountingLabelTests.xctest; sourceTree = BUILT_PRODUCTS_DIR; };
		12CEBB781ADCD9E500DC739E /* Info.plist */ = {isa = PBXFileReference; lastKnownFileType = text.plist.xml; path = Info.plist; sourceTree = "<group>"; };
		12CEBB791ADCD9E500DC739E /* UICountingLabelTests.swift */ = {isa = PBXFileReference; lastKnownFileType = sourcecode.swift; path = UICountingLabelTests.swift; sourceTree = "<group>"; };
		12CEBB841ADCDA6400DC739E /* UICountingLabel.swift */ = {isa = PBXFileReference; fileEncoding = 4; lastKnownFileType = sourcecode.swift; name = UICountingLabel.swift; path = UICountingLabel/UICountingLabel.swift; sourceTree = "<group>"; };
/* End PBXFileReference section */

/* Begin PBXFrameworksBuildPhase section */
		12CEBB5B1ADCD9E400DC739E /* Frameworks */ = {
			isa = PBXFrameworksBuildPhase;
			buildActionMask = 2147483647;
			files = (
			);
			runOnlyForDeploymentPostprocessing = 0;
		};
		12CEBB701ADCD9E500DC739E /* Frameworks */ = {
			isa = PBXFrameworksBuildPhase;
			buildActionMask = 2147483647;
			files = (
			);
			runOnlyForDeploymentPostprocessing = 0;
		};
/* End PBXFrameworksBuildPhase section */

/* Begin PBXGroup section */
		12CEBB551ADCD9E400DC739E = {
			isa = PBXGroup;
			children = (
				12CEBB831ADCDA0D00DC739E /* UICountingLabel */,
				12CEBB601ADCD9E400DC739E /* UICountingLabelDemo */,
				12CEBB761ADCD9E500DC739E /* UICountingLabelTests */,
				12CEBB5F1ADCD9E400DC739E /* Products */,
			);
			sourceTree = "<group>";
		};
		12CEBB5F1ADCD9E400DC739E /* Products */ = {
			isa = PBXGroup;
			children = (
				12CEBB5E1ADCD9E400DC739E /* UICountingLabel.app */,
				12CEBB731ADCD9E500DC739E /* UICountingLabelTests.xctest */,
			);
			name = Products;
			sourceTree = "<group>";
		};
		12CEBB601ADCD9E400DC739E /* UICountingLabelDemo */ = {
			isa = PBXGroup;
			children = (
				12CEBB631ADCD9E400DC739E /* AppDelegate.swift */,
				12CEBB651ADCD9E400DC739E /* ViewController.swift */,
				12CEBB671ADCD9E400DC739E /* Main.storyboard */,
				12CEBB6A1ADCD9E400DC739E /* Images.xcassets */,
				12CEBB6C1ADCD9E400DC739E /* LaunchScreen.xib */,
				12CEBB611ADCD9E400DC739E /* Supporting Files */,
			);
			name = UICountingLabelDemo;
			path = UICountingLabel;
			sourceTree = "<group>";
		};
		12CEBB611ADCD9E400DC739E /* Supporting Files */ = {
			isa = PBXGroup;
			children = (
				12CEBB621ADCD9E400DC739E /* Info.plist */,
			);
			name = "Supporting Files";
			sourceTree = "<group>";
		};
		12CEBB761ADCD9E500DC739E /* UICountingLabelTests */ = {
			isa = PBXGroup;
			children = (
				12CEBB791ADCD9E500DC739E /* UICountingLabelTests.swift */,
				12CEBB771ADCD9E500DC739E /* Supporting Files */,
			);
			path = UICountingLabelTests;
			sourceTree = "<group>";
		};
		12CEBB771ADCD9E500DC739E /* Supporting Files */ = {
			isa = PBXGroup;
			children = (
				12CEBB781ADCD9E500DC739E /* Info.plist */,
			);
			name = "Supporting Files";
			sourceTree = "<group>";
		};
		12CEBB831ADCDA0D00DC739E /* UICountingLabel */ = {
			isa = PBXGroup;
			children = (
				12CEBB841ADCDA6400DC739E /* UICountingLabel.swift */,
			);
			name = UICountingLabel;
			sourceTree = "<group>";
		};
/* End PBXGroup section */

/* Begin PBXNativeTarget section */
		12CEBB5D1ADCD9E400DC739E /* UICountingLabel */ = {
			isa = PBXNativeTarget;
			buildConfigurationList = 12CEBB7D1ADCD9E500DC739E /* Build configuration list for PBXNativeTarget "UICountingLabel" */;
			buildPhases = (
				12CEBB5A1ADCD9E400DC739E /* Sources */,
				12CEBB5B1ADCD9E400DC739E /* Frameworks */,
				12CEBB5C1ADCD9E400DC739E /* Resources */,
			);
			buildRules = (
			);
			dependencies = (
			);
			name = UICountingLabel;
			productName = UICountingLabel;
			productReference = 12CEBB5E1ADCD9E400DC739E /* UICountingLabel.app */;
			productType = "com.apple.product-type.application";
		};
		12CEBB721ADCD9E500DC739E /* UICountingLabelTests */ = {
			isa = PBXNativeTarget;
			buildConfigurationList = 12CEBB801ADCD9E500DC739E /* Build configuration list for PBXNativeTarget "UICountingLabelTests" */;
			buildPhases = (
				12CEBB6F1ADCD9E500DC739E /* Sources */,
				12CEBB701ADCD9E500DC739E /* Frameworks */,
				12CEBB711ADCD9E500DC739E /* Resources */,
			);
			buildRules = (
			);
			dependencies = (
				12CEBB751ADCD9E500DC739E /* PBXTargetDependency */,
			);
			name = UICountingLabelTests;
			productName = UICountingLabelTests;
			productReference = 12CEBB731ADCD9E500DC739E /* UICountingLabelTests.xctest */;
			productType = "com.apple.product-type.bundle.unit-test";
		};
/* End PBXNativeTarget section */

/* Begin PBXProject section */
		12CEBB561ADCD9E400DC739E /* Project object */ = {
			isa = PBXProject;
			attributes = {
				LastUpgradeCheck = 0610;
				ORGANIZATIONNAME = EyreFree;
				TargetAttributes = {
					12CEBB5D1ADCD9E400DC739E = {
						CreatedOnToolsVersion = 6.1.1;
					};
					12CEBB721ADCD9E500DC739E = {
						CreatedOnToolsVersion = 6.1.1;
						TestTargetID = 12CEBB5D1ADCD9E400DC739E;
					};
				};
			};
			buildConfigurationList = 12CEBB591ADCD9E400DC739E /* Build configuration list for PBXProject "UICountingLabel" */;
			compatibilityVersion = "Xcode 3.2";
			developmentRegion = English;
			hasScannedForEncodings = 0;
			knownRegions = (
				en,
				Base,
			);
			mainGroup = 12CEBB551ADCD9E400DC739E;
			productRefGroup = 12CEBB5F1ADCD9E400DC739E /* Products */;
			projectDirPath = "";
			projectRoot = "";
			targets = (
				12CEBB5D1ADCD9E400DC739E /* UICountingLabel */,
				12CEBB721ADCD9E500DC739E /* UICountingLabelTests */,
			);
		};
/* End PBXProject section */

/* Begin PBXResourcesBuildPhase section */
		12CEBB5C1ADCD9E400DC739E /* Resources */ = {
			isa = PBXResourcesBuildPhase;
			buildActionMask = 2147483647;
			files = (
				12CEBB691ADCD9E400DC739E /* Main.storyboard in Resources */,
				12CEBB6E1ADCD9E400DC739E /* LaunchScreen.xib in Resources */,
				12CEBB6B1ADCD9E400DC739E /* Images.xcassets in Resources */,
			);
			runOnlyForDeploymentPostprocessing = 0;
		};
		12CEBB711ADCD9E500DC739E /* Resources */ = {
			isa = PBXResourcesBuildPhase;
			buildActionMask = 2147483647;
			files = (
			);
			runOnlyForDeploymentPostprocessing = 0;
		};
/* End PBXResourcesBuildPhase section */

/* Begin PBXSourcesBuildPhase section */
		12CEBB5A1ADCD9E400DC739E /* Sources */ = {
			isa = PBXSourcesBuildPhase;
			buildActionMask = 2147483647;
			files = (
				12CEBB661ADCD9E400DC739E /* ViewController.swift in Sources */,
				12CEBB851ADCDA6400DC739E /* UICountingLabel.swift in Sources */,
				12CEBB641ADCD9E400DC739E /* AppDelegate.swift in Sources */,
			);
			runOnlyForDeploymentPostprocessing = 0;
		};
		12CEBB6F1ADCD9E500DC739E /* Sources */ = {
			isa = PBXSourcesBuildPhase;
			buildActionMask = 2147483647;
			files = (
				12CEBB7A1ADCD9E500DC739E /* UICountingLabelTests.swift in Sources */,
			);
			runOnlyForDeploymentPostprocessing = 0;
		};
/* End PBXSourcesBuildPhase section */

/* Begin PBXTargetDependency section */
		12CEBB751ADCD9E500DC739E /* PBXTargetDependency */ = {
			isa = PBXTargetDependency;
			target = 12CEBB5D1ADCD9E400DC739E /* UICountingLabel */;
			targetProxy = 12CEBB741ADCD9E500DC739E /* PBXContainerItemProxy */;
		};
/* End PBXTargetDependency section */

/* Begin PBXVariantGroup section */
		12CEBB671ADCD9E400DC739E /* Main.storyboard */ = {
			isa = PBXVariantGroup;
			children = (
				12CEBB681ADCD9E400DC739E /* Base */,
			);
			name = Main.storyboard;
			sourceTree = "<group>";
		};
		12CEBB6C1ADCD9E400DC739E /* LaunchScreen.xib */ = {
			isa = PBXVariantGroup;
			children = (
				12CEBB6D1ADCD9E400DC739E /* Base */,
			);
			name = LaunchScreen.xib;
			sourceTree = "<group>";
		};
/* End PBXVariantGroup section */

/* Begin XCBuildConfiguration section */
		12CEBB7B1ADCD9E500DC739E /* Debug */ = {
			isa = XCBuildConfiguration;
			buildSettings = {
				ALWAYS_SEARCH_USER_PATHS = NO;
				CLANG_CXX_LANGUAGE_STANDARD = "gnu++0x";
				CLANG_CXX_LIBRARY = "libc++";
				CLANG_ENABLE_MODULES = YES;
				CLANG_ENABLE_OBJC_ARC = YES;
				CLANG_WARN_BOOL_CONVERSION = YES;
				CLANG_WARN_CONSTANT_CONVERSION = YES;
				CLANG_WARN_DIRECT_OBJC_ISA_USAGE = YES_ERROR;
				CLANG_WARN_EMPTY_BODY = YES;
				CLANG_WARN_ENUM_CONVERSION = YES;
				CLANG_WARN_INT_CONVERSION = YES;
				CLANG_WARN_OBJC_ROOT_CLASS = YES_ERROR;
				CLANG_WARN_UNREACHABLE_CODE = YES;
				CLANG_WARN__DUPLICATE_METHOD_MATCH = YES;
				"CODE_SIGN_IDENTITY[sdk=iphoneos*]" = "iPhone Developer";
				COPY_PHASE_STRIP = NO;
				ENABLE_STRICT_OBJC_MSGSEND = YES;
				GCC_C_LANGUAGE_STANDARD = gnu99;
				GCC_DYNAMIC_NO_PIC = NO;
				GCC_OPTIMIZATION_LEVEL = 0;
				GCC_PREPROCESSOR_DEFINITIONS = (
					"DEBUG=1",
					"$(inherited)",
				);
				GCC_SYMBOLS_PRIVATE_EXTERN = NO;
				GCC_WARN_64_TO_32_BIT_CONVERSION = YES;
				GCC_WARN_ABOUT_RETURN_TYPE = YES_ERROR;
				GCC_WARN_UNDECLARED_SELECTOR = YES;
				GCC_WARN_UNINITIALIZED_AUTOS = YES_AGGRESSIVE;
				GCC_WARN_UNUSED_FUNCTION = YES;
				GCC_WARN_UNUSED_VARIABLE = YES;
				IPHONEOS_DEPLOYMENT_TARGET = 8.1;
				MTL_ENABLE_DEBUG_INFO = YES;
				ONLY_ACTIVE_ARCH = YES;
				SDKROOT = iphoneos;
				SWIFT_OPTIMIZATION_LEVEL = "-Onone";
			};
			name = Debug;
		};
		12CEBB7C1ADCD9E500DC739E /* Release */ = {
			isa = XCBuildConfiguration;
			buildSettings = {
				ALWAYS_SEARCH_USER_PATHS = NO;
				CLANG_CXX_LANGUAGE_STANDARD = "gnu++0x";
				CLANG_CXX_LIBRARY = "libc++";
				CLANG_ENABLE_MODULES = YES;
				CLANG_ENABLE_OBJC_ARC = YES;
				CLANG_WARN_BOOL_CONVERSION = YES;
				CLANG_WARN_CONSTANT_CONVERSION = YES;
				CLANG_WARN_DIRECT_OBJC_ISA_USAGE = YES_ERROR;
				CLANG_WARN_EMPTY_BODY = YES;
				CLANG_WARN_ENUM_CONVERSION = YES;
				CLANG_WARN_INT_CONVERSION = YES;
				CLANG_WARN_OBJC_ROOT_CLASS = YES_ERROR;
				CLANG_WARN_UNREACHABLE_CODE = YES;
				CLANG_WARN__DUPLICATE_METHOD_MATCH = YES;
				"CODE_SIGN_IDENTITY[sdk=iphoneos*]" = "iPhone Developer";
				COPY_PHASE_STRIP = YES;
				ENABLE_NS_ASSERTIONS = NO;
				ENABLE_STRICT_OBJC_MSGSEND = YES;
				GCC_C_LANGUAGE_STANDARD = gnu99;
				GCC_WARN_64_TO_32_BIT_CONVERSION = YES;
				GCC_WARN_ABOUT_RETURN_TYPE = YES_ERROR;
				GCC_WARN_UNDECLARED_SELECTOR = YES;
				GCC_WARN_UNINITIALIZED_AUTOS = YES_AGGRESSIVE;
				GCC_WARN_UNUSED_FUNCTION = YES;
				GCC_WARN_UNUSED_VARIABLE = YES;
				IPHONEOS_DEPLOYMENT_TARGET = 8.1;
				MTL_ENABLE_DEBUG_INFO = NO;
				SDKROOT = iphoneos;
				VALIDATE_PRODUCT = YES;
			};
			name = Release;
		};
		12CEBB7E1ADCD9E500DC739E /* Debug */ = {
			isa = XCBuildConfiguration;
			buildSettings = {
				ASSETCATALOG_COMPILER_APPICON_NAME = AppIcon;
				INFOPLIST_FILE = UICountingLabel/Info.plist;
				LD_RUNPATH_SEARCH_PATHS = "$(inherited) @executable_path/Frameworks";
				PRODUCT_NAME = "$(TARGET_NAME)";
			};
			name = Debug;
		};
		12CEBB7F1ADCD9E500DC739E /* Release */ = {
			isa = XCBuildConfiguration;
			buildSettings = {
				ASSETCATALOG_COMPILER_APPICON_NAME = AppIcon;
				INFOPLIST_FILE = UICountingLabel/Info.plist;
				LD_RUNPATH_SEARCH_PATHS = "$(inherited) @executable_path/Frameworks";
				PRODUCT_NAME = "$(TARGET_NAME)";
			};
			name = Release;
		};
		12CEBB811ADCD9E500DC739E /* Debug */ = {
			isa = XCBuildConfiguration;
			buildSettings = {
				BUNDLE_LOADER = "$(TEST_HOST)";
				FRAMEWORK_SEARCH_PATHS = (
					"$(SDKROOT)/Developer/Library/Frameworks",
					"$(inherited)",
				);
				GCC_PREPROCESSOR_DEFINITIONS = (
					"DEBUG=1",
					"$(inherited)",
				);
				INFOPLIST_FILE = UICountingLabelTests/Info.plist;
				LD_RUNPATH_SEARCH_PATHS = "$(inherited) @executable_path/Frameworks @loader_path/Frameworks";
				PRODUCT_NAME = "$(TARGET_NAME)";
				TEST_HOST = "$(BUILT_PRODUCTS_DIR)/UICountingLabel.app/UICountingLabel";
			};
			name = Debug;
		};
		12CEBB821ADCD9E500DC739E /* Release */ = {
			isa = XCBuildConfiguration;
			buildSettings = {
				BUNDLE_LOADER = "$(TEST_HOST)";
				FRAMEWORK_SEARCH_PATHS = (
					"$(SDKROOT)/Developer/Library/Frameworks",
					"$(inherited)",
				);
				INFOPLIST_FILE = UICountingLabelTests/Info.plist;
				LD_RUNPATH_SEARCH_PATHS = "$(inherited) @executable_path/Frameworks @loader_path/Frameworks";
				PRODUCT_NAME = "$(TARGET_NAME)";
				TEST_HOST = "$(BUILT_PRODUCTS_DIR)/UICountingLabel.app/UICountingLabel";
			};
			name = Release;
		};
/* End XCBuildConfiguration section */

/* Begin XCConfigurationList section */
		12CEBB591ADCD9E400DC739E /* Build configuration list for PBXProject "UICountingLabel" */ = {
			isa = XCConfigurationList;
			buildConfigurations = (
				12CEBB7B1ADCD9E500DC739E /* Debug */,
				12CEBB7C1ADCD9E500DC739E /* Release */,
			);
			defaultConfigurationIsVisible = 0;
			defaultConfigurationName = Release;
		};
		12CEBB7D1ADCD9E500DC739E /* Build configuration list for PBXNativeTarget "UICountingLabel" */ = {
			isa = XCConfigurationList;
			buildConfigurations = (
				12CEBB7E1ADCD9E500DC739E /* Debug */,
				12CEBB7F1ADCD9E500DC739E /* Release */,
			);
			defaultConfigurationIsVisible = 0;
		};
		12CEBB801ADCD9E500DC739E /* Build configuration list for PBXNativeTarget "UICountingLabelTests" */ = {
			isa = XCConfigurationList;
			buildConfigurations = (
				12CEBB811ADCD9E500DC739E /* Debug */,
				12CEBB821ADCD9E500DC739E /* Release */,
			);
			defaultConfigurationIsVisible = 0;
		};
/* End XCConfigurationList section */
	};
	rootObject = 12CEBB561ADCD9E400DC739E /* Project object */;
}
